
Microsoft Visual Studio Solution File, Format Version 12.00
# SQL Server Management Studio Version 22
VisualStudioVersion = 18.0.11018.127 d18.0
MinimumVisualStudioVersion = 10.0.40219.1
Project("{4F2E2C19-372F-40D8-9FA7-9D2138C6997A}") = "Retail Banking Transaction Analysis", "Retail Banking Transaction Analysis.ssmssqlproj", "{FEED1099-8155-0CB6-6B0D-287FB62FE203}"
EndProject
Global
	GlobalSection(SolutionConfigurationPlatforms) = preSolution
		Default|Default = Default|Default
	EndGlobalSection
	GlobalSection(ProjectConfigurationPlatforms) = postSolution
		{FEED1099-8155-0CB6-6B0D-287FB62FE203}.Default|Default.ActiveCfg = Default
		{2D85F150-8141-4CD2-8B5D-C5650AB89BE2}.Default|Default.ActiveCfg = Default
	EndGlobalSection
	GlobalSection(SolutionProperties) = preSolution
		HideSolutionNode = FALSE
	EndGlobalSection
	GlobalSection(ExtensibilityGlobals) = postSolution
		SolutionGuid = {FD97ECE9-A1FA-4AA1-8914-DF011AB9E322}
	EndGlobalSection
EndGlobal
